
Microsoft Visual Studio Solution File, Format Version 9.00
# Visual Studio 2005
Project("{FAE04EC0-301F-11D3-BF4B-00C04F79EFBC}") = "libtorrent", "libtorrent\libtorrent.csproj", "{37ECEEAD-E187-4AD9-9BCB-BAC1D76E049B}"
EndProject
Project("{FAE04EC0-301F-11D3-BF4B-00C04F79EFBC}") = "tlist", "tlist\tlist.csproj", "{D3A52ED3-2499-43C9-A34D-7D2863DADAB3}"
EndProject
Project("{FAE04EC0-301F-11D3-BF4B-00C04F79EFBC}") = "TrackerProbe", "TrackerProbe\TrackerProbe.csproj", "{D6B0140F-C577-46C7-9CBA-2BFEC5541AD2}"
EndProject
Global
	GlobalSection(SolutionConfigurationPlatforms) = preSolution
		Debug|Any CPU = Debug|Any CPU
		Release|Any CPU = Release|Any CPU
	EndGlobalSection
	GlobalSection(ProjectConfigurationPlatforms) = postSolution
		{37ECEEAD-E187-4AD9-9BCB-BAC1D76E049B}.Debug|Any CPU.ActiveCfg = Debug|Any CPU
		{37ECEEAD-E187-4AD9-9BCB-BAC1D76E049B}.Debug|Any CPU.Build.0 = Debug|Any CPU
		{37ECEEAD-E187-4AD9-9BCB-BAC1D76E049B}.Release|Any CPU.ActiveCfg = Release|Any CPU
		{37ECEEAD-E187-4AD9-9BCB-BAC1D76E049B}.Release|Any CPU.Build.0 = Release|Any CPU
		{D3A52ED3-2499-43C9-A34D-7D2863DADAB3}.Debug|Any CPU.ActiveCfg = Debug|Any CPU
		{D3A52ED3-2499-43C9-A34D-7D2863DADAB3}.Debug|Any CPU.Build.0 = Debug|Any CPU
		{D3A52ED3-2499-43C9-A34D-7D2863DADAB3}.Release|Any CPU.ActiveCfg = Release|Any CPU
		{D3A52ED3-2499-43C9-A34D-7D2863DADAB3}.Release|Any CPU.Build.0 = Release|Any CPU
		{D6B0140F-C577-46C7-9CBA-2BFEC5541AD2}.Debug|Any CPU.ActiveCfg = Debug|Any CPU
		{D6B0140F-C577-46C7-9CBA-2BFEC5541AD2}.Debug|Any CPU.Build.0 = Debug|Any CPU
		{D6B0140F-C577-46C7-9CBA-2BFEC5541AD2}.Release|Any CPU.ActiveCfg = Release|Any CPU
		{D6B0140F-C577-46C7-9CBA-2BFEC5541AD2}.Release|Any CPU.Build.0 = Release|Any CPU
	EndGlobalSection
	GlobalSection(SolutionProperties) = preSolution
		HideSolutionNode = FALSE
	EndGlobalSection
EndGlobal
